{
  "version": 4,
  "terraform_version": "0.12.26",
  "serial": 186,
  "lineage": "5016c2f2-8caf-f2da-f6a8-86a664d4d11f",
  "outputs": {
    "api-gateway-codedeploy-app-name": {
      "value": "api-gateway",
      "type": "string"
    },
    "api-gateway-deployment-bucket-name": {
      "value": "amitmaraj-api-gateway-deployment",
      "type": "string"
    },
    "api-gateway-private-ip": {
      "value": "10.0.0.243",
      "type": "string"
    },
    "api-gateway-public-ip": {
      "value": "52.60.168.69",
      "type": "string"
    },
    "aws-region": {
      "value": "ca-central-1",
      "type": "string"
    },
    "braindrip-backend-codedeploy-app-name": {
      "value": "braindrip-backend",
      "type": "string"
    },
    "braindrip-backend-db-address": {
      "value": "braindrip-backend-db.cjqjpyaaskxv.ca-central-1.rds.amazonaws.com",
      "type": "string"
    },
    "braindrip-backend-deployment-bucket-name": {
      "value": "amitmaraj-braindrip-backend-deployment",
      "type": "string"
    },
    "braindrip-backend-private-ip": {
      "value": "10.0.1.6",
      "type": "string"
    }
  },
  "resources": [
    {
      "module": "module.api-gateway-codedeploy",
      "mode": "managed",
      "type": "aws_codedeploy_app",
      "name": "default",
      "provider": "provider.aws",
      "instances": [
        {
          "schema_version": 0,
          "attributes": {
            "compute_platform": "Server",
            "id": "c1cd48d8-e7bd-44bd-9553-1040d214a216:api-gateway",
            "name": "api-gateway",
            "unique_id": null
          },
          "private": "bnVsbA=="
        }
      ]
    },
    {
      "module": "module.braindrip-backend-codedeploy",
      "mode": "managed",
      "type": "aws_codedeploy_app",
      "name": "default",
      "provider": "provider.aws",
      "instances": [
        {
          "schema_version": 0,
          "attributes": {
            "compute_platform": "Server",
            "id": "a00b507d-c079-42e1-84b4-21541f40e1b7:braindrip-backend",
            "name": "braindrip-backend",
            "unique_id": null
          },
          "private": "bnVsbA=="
        }
      ]
    },
    {
      "module": "module.api-gateway-codedeploy",
      "mode": "managed",
      "type": "aws_codedeploy_deployment_group",
      "name": "prod",
      "provider": "provider.aws",
      "instances": [
        {
          "schema_version": 0,
          "attributes": {
            "alarm_configuration": [],
            "app_name": "api-gateway",
            "auto_rollback_configuration": [],
            "autoscaling_groups": null,
            "blue_green_deployment_config": [],
            "deployment_config_name": "CodeDeployDefault.OneAtATime",
            "deployment_group_name": "prod",
            "deployment_style": [
              {
                "deployment_option": "WITHOUT_TRAFFIC_CONTROL",
                "deployment_type": "IN_PLACE"
              }
            ],
            "ec2_tag_filter": [],
            "ec2_tag_set": [
              {
                "ec2_tag_filter": [
                  {
                    "key": "Name",
                    "type": "KEY_AND_VALUE",
                    "value": "api-gateway"
                  }
                ]
              }
            ],
            "ecs_service": [],
            "id": "c16a8b04-53d0-4815-8615-7a177902bfa9",
            "load_balancer_info": [],
            "on_premises_instance_tag_filter": [],
            "service_role_arn": "arn:aws:iam::467511520697:role/api-gateway-codedeploy-role",
            "trigger_configuration": []
          },
          "private": "bnVsbA==",
          "dependencies": [
            "module.api-gateway-codedeploy.aws_codedeploy_app.default",
            "module.api-gateway-codedeploy.aws_iam_role.codedeploy-role"
          ]
        }
      ]
    },
    {
      "module": "module.braindrip-backend-codedeploy",
      "mode": "managed",
      "type": "aws_codedeploy_deployment_group",
      "name": "prod",
      "provider": "provider.aws",
      "instances": [
        {
          "schema_version": 0,
          "attributes": {
            "alarm_configuration": [],
            "app_name": "braindrip-backend",
            "auto_rollback_configuration": [],
            "autoscaling_groups": null,
            "blue_green_deployment_config": [],
            "deployment_config_name": "CodeDeployDefault.OneAtATime",
            "deployment_group_name": "prod",
            "deployment_style": [
              {
                "deployment_option": "WITHOUT_TRAFFIC_CONTROL",
                "deployment_type": "IN_PLACE"
              }
            ],
            "ec2_tag_filter": [],
            "ec2_tag_set": [
              {
                "ec2_tag_filter": [
                  {
                    "key": "Name",
                    "type": "KEY_AND_VALUE",
                    "value": "braindrip-backend"
                  }
                ]
              }
            ],
            "ecs_service": [],
            "id": "b82c2d98-b8f5-499c-ab24-c1903ed7a579",
            "load_balancer_info": [],
            "on_premises_instance_tag_filter": [],
            "service_role_arn": "arn:aws:iam::467511520697:role/braindrip-backend-codedeploy-role",
            "trigger_configuration": []
          },
          "private": "bnVsbA==",
          "dependencies": [
            "module.braindrip-backend-codedeploy.aws_codedeploy_app.default",
            "module.braindrip-backend-codedeploy.aws_iam_role.codedeploy-role"
          ]
        }
      ]
    },
    {
      "module": "module.braindrip-backend-db",
      "mode": "managed",
      "type": "aws_db_instance",
      "name": "default",
      "provider": "provider.aws",
      "instances": [
        {
          "schema_version": 1,
          "attributes": {
            "address": "braindrip-backend-db.cjqjpyaaskxv.ca-central-1.rds.amazonaws.com",
            "allocated_storage": 20,
            "allow_major_version_upgrade": null,
            "apply_immediately": true,
            "arn": "arn:aws:rds:ca-central-1:467511520697:db:braindrip-backend-db",
            "auto_minor_version_upgrade": true,
            "availability_zone": "ca-central-1a",
            "backup_retention_period": 0,
            "backup_window": "06:32-07:02",
            "ca_cert_identifier": "rds-ca-2019",
            "character_set_name": null,
            "copy_tags_to_snapshot": false,
            "db_subnet_group_name": "braindrip-db-subnet-group-private",
            "delete_automated_backups": true,
            "deletion_protection": false,
            "domain": "",
            "domain_iam_role_name": "",
            "enabled_cloudwatch_logs_exports": null,
            "endpoint": "braindrip-backend-db.cjqjpyaaskxv.ca-central-1.rds.amazonaws.com:3306",
            "engine": "mysql",
            "engine_version": "5.7.26",
            "final_snapshot_identifier": null,
            "hosted_zone_id": "Z1JG78A3UK1DU3",
            "iam_database_authentication_enabled": false,
            "id": "braindrip-backend-db",
            "identifier": "braindrip-backend-db",
            "identifier_prefix": null,
            "instance_class": "db.t2.micro",
            "iops": 0,
            "kms_key_id": "",
            "license_model": "general-public-license",
            "maintenance_window": "mon:08:42-mon:09:12",
            "max_allocated_storage": 0,
            "monitoring_interval": 0,
            "monitoring_role_arn": "",
            "multi_az": false,
            "name": "db",
            "option_group_name": "default:mysql-5-7",
            "parameter_group_name": "default.mysql5.7",
            "password": "bra1ndr1p",
            "performance_insights_enabled": false,
            "performance_insights_kms_key_id": "",
            "performance_insights_retention_period": 0,
            "port": 3306,
            "publicly_accessible": false,
            "replicas": [],
            "replicate_source_db": "",
            "resource_id": "db-K5ZMZ6E6KBXYLAMKVPFPTCQY7A",
            "s3_import": [],
            "security_group_names": null,
            "skip_final_snapshot": true,
            "snapshot_identifier": null,
            "status": "available",
            "storage_encrypted": false,
            "storage_type": "gp2",
            "tags": null,
            "timeouts": null,
            "timezone": "",
            "username": "user",
            "vpc_security_group_ids": [
              "sg-08b19ea7014c36c85"
            ]
          },
          "private": "eyJlMmJmYjczMC1lY2FhLTExZTYtOGY4OC0zNDM2M2JjN2M0YzAiOnsiY3JlYXRlIjoyNDAwMDAwMDAwMDAwLCJkZWxldGUiOjI0MDAwMDAwMDAwMDAsInVwZGF0ZSI6NDgwMDAwMDAwMDAwMH0sInNjaGVtYV92ZXJzaW9uIjoiMSJ9",
          "dependencies": [
            "aws_db_subnet_group.private",
            "aws_security_group.allow-internal-mysql",
            "aws_subnet.braindrip-subnet-private-1",
            "aws_subnet.braindrip-subnet-private-2",
            "aws_vpc.braindrip"
          ]
        }
      ]
    },
    {
      "mode": "managed",
      "type": "aws_db_subnet_group",
      "name": "private",
      "provider": "provider.aws",
      "instances": [
        {
          "schema_version": 0,
          "attributes": {
            "arn": "arn:aws:rds:ca-central-1:467511520697:subgrp:braindrip-db-subnet-group-private",
            "description": "Managed by Terraform",
            "id": "braindrip-db-subnet-group-private",
            "name": "braindrip-db-subnet-group-private",
            "name_prefix": null,
            "subnet_ids": [
              "subnet-03dbe2b0b71eb18f7",
              "subnet-079a2200961bd8536"
            ],
            "tags": {
              "Name": "Private DB Subnet Group"
            }
          },
          "private": "bnVsbA==",
          "dependencies": [
            "aws_subnet.braindrip-subnet-private-1",
            "aws_subnet.braindrip-subnet-private-2",
            "aws_vpc.braindrip"
          ]
        }
      ]
    },
    {
      "mode": "managed",
      "type": "aws_eip",
      "name": "api-gateway-eip",
      "provider": "provider.aws",
      "instances": [
        {
          "schema_version": 0,
          "attributes": {
            "allocation_id": null,
            "associate_with_private_ip": null,
            "association_id": "eipassoc-05b0cc5a6b1420137",
            "customer_owned_ip": "",
            "customer_owned_ipv4_pool": "",
            "domain": "vpc",
            "id": "eipalloc-060a57b998c4d89ff",
            "instance": "i-05c5d4e2c96b3fdc2",
            "network_interface": "eni-05b7cb2084d846224",
            "private_dns": "ip-10-0-0-243.ca-central-1.compute.internal",
            "private_ip": "10.0.0.243",
            "public_dns": "ec2-52-60-168-69.ca-central-1.compute.amazonaws.com",
            "public_ip": "52.60.168.69",
            "public_ipv4_pool": "amazon",
            "tags": null,
            "timeouts": null,
            "vpc": true
          },
          "private": "eyJlMmJmYjczMC1lY2FhLTExZTYtOGY4OC0zNDM2M2JjN2M0YzAiOnsiZGVsZXRlIjoxODAwMDAwMDAwMDAsInJlYWQiOjkwMDAwMDAwMDAwMCwidXBkYXRlIjozMDAwMDAwMDAwMDB9fQ==",
          "dependencies": [
            "aws_key_pair.braindrip-key",
            "aws_security_group.allow-all-outbound",
            "aws_security_group.allow-http",
            "aws_security_group.allow-ssh",
            "aws_subnet.braindrip-subnet-public",
            "aws_vpc.braindrip",
            "module.api-gateway-codedeploy.aws_iam_instance_profile.ec2",
            "module.api-gateway-codedeploy.aws_iam_role.ec2",
            "module.api-gateway.aws_instance.default"
          ]
        }
      ]
    },
    {
      "mode": "managed",
      "type": "aws_eip",
      "name": "braindrip-backend-eip",
      "provider": "provider.aws",
      "instances": [
        {
          "schema_version": 0,
          "attributes": {
            "allocation_id": null,
            "associate_with_private_ip": null,
            "association_id": "eipassoc-093e23b8604215762",
            "customer_owned_ip": "",
            "customer_owned_ipv4_pool": "",
            "domain": "vpc",
            "id": "eipalloc-03c278ecc2e4168ae",
            "instance": "i-05fb6f0657805b197",
            "network_interface": "eni-0a4eba391fc0cccd0",
            "private_dns": "ip-10-0-1-6.ca-central-1.compute.internal",
            "private_ip": "10.0.1.6",
            "public_dns": "ec2-3-96-32-244.ca-central-1.compute.amazonaws.com",
            "public_ip": "3.96.32.244",
            "public_ipv4_pool": "amazon",
            "tags": null,
            "timeouts": null,
            "vpc": true
          },
          "private": "eyJlMmJmYjczMC1lY2FhLTExZTYtOGY4OC0zNDM2M2JjN2M0YzAiOnsiZGVsZXRlIjoxODAwMDAwMDAwMDAsInJlYWQiOjkwMDAwMDAwMDAwMCwidXBkYXRlIjozMDAwMDAwMDAwMDB9fQ==",
          "dependencies": [
            "aws_key_pair.braindrip-key",
            "aws_security_group.allow-all-outbound",
            "aws_security_group.allow-internal-http",
            "aws_security_group.allow-ssh",
            "aws_subnet.braindrip-subnet-private-1",
            "aws_vpc.braindrip",
            "module.braindrip-backend-codedeploy.aws_iam_instance_profile.ec2",
            "module.braindrip-backend-codedeploy.aws_iam_role.ec2",
            "module.braindrip-backend.aws_instance.default"
          ]
        }
      ]
    },
    {
      "module": "module.api-gateway-codedeploy",
      "mode": "managed",
      "type": "aws_iam_instance_profile",
      "name": "ec2",
      "provider": "provider.aws",
      "instances": [
        {
          "schema_version": 0,
          "attributes": {
            "arn": "arn:aws:iam::467511520697:instance-profile/api-gateway-ec2",
            "create_date": "2020-06-04T14:52:18Z",
            "id": "api-gateway-ec2",
            "name": "api-gateway-ec2",
            "name_prefix": null,
            "path": "/",
            "role": "api-gateway-ec2",
            "roles": [],
            "unique_id": "AIPAWZWO3VW4QRU4Q22WR"
          },
          "private": "bnVsbA==",
          "dependencies": [
            "module.api-gateway-codedeploy.aws_iam_role.ec2"
          ]
        }
      ]
    },
    {
      "module": "module.braindrip-backend-codedeploy",
      "mode": "managed",
      "type": "aws_iam_instance_profile",
      "name": "ec2",
      "provider": "provider.aws",
      "instances": [
        {
          "schema_version": 0,
          "attributes": {
            "arn": "arn:aws:iam::467511520697:instance-profile/braindrip-backend-ec2",
            "create_date": "2020-06-04T14:52:18Z",
            "id": "braindrip-backend-ec2",
            "name": "braindrip-backend-ec2",
            "name_prefix": null,
            "path": "/",
            "role": "braindrip-backend-ec2",
            "roles": [],
            "unique_id": "AIPAWZWO3VW4QWKV24RQO"
          },
          "private": "bnVsbA==",
          "dependencies": [
            "module.braindrip-backend-codedeploy.aws_iam_role.ec2"
          ]
        }
      ]
    },
    {
      "module": "module.api-gateway-codedeploy",
      "mode": "managed",
      "type": "aws_iam_role",
      "name": "codedeploy-role",
      "provider": "provider.aws",
      "instances": [
        {
          "schema_version": 0,
          "attributes": {
            "arn": "arn:aws:iam::467511520697:role/api-gateway-codedeploy-role",
            "assume_role_policy": "{\"Version\":\"2012-10-17\",\"Statement\":[{\"Sid\":\"\",\"Effect\":\"Allow\",\"Principal\":{\"Service\":\"codedeploy.amazonaws.com\"},\"Action\":\"sts:AssumeRole\"}]}",
            "create_date": "2020-06-04T14:52:17Z",
            "description": "",
            "force_detach_policies": false,
            "id": "api-gateway-codedeploy-role",
            "max_session_duration": 3600,
            "name": "api-gateway-codedeploy-role",
            "name_prefix": null,
            "path": "/",
            "permissions_boundary": null,
            "tags": null,
            "unique_id": "AROAWZWO3VW4RWBBY5LUF"
          },
          "private": "bnVsbA=="
        }
      ]
    },
    {
      "module": "module.braindrip-backend-codedeploy",
      "mode": "managed",
      "type": "aws_iam_role",
      "name": "codedeploy-role",
      "provider": "provider.aws",
      "instances": [
        {
          "schema_version": 0,
          "attributes": {
            "arn": "arn:aws:iam::467511520697:role/braindrip-backend-codedeploy-role",
            "assume_role_policy": "{\"Version\":\"2012-10-17\",\"Statement\":[{\"Sid\":\"\",\"Effect\":\"Allow\",\"Principal\":{\"Service\":\"codedeploy.amazonaws.com\"},\"Action\":\"sts:AssumeRole\"}]}",
            "create_date": "2020-06-04T14:52:17Z",
            "description": "",
            "force_detach_policies": false,
            "id": "braindrip-backend-codedeploy-role",
            "max_session_duration": 3600,
            "name": "braindrip-backend-codedeploy-role",
            "name_prefix": null,
            "path": "/",
            "permissions_boundary": null,
            "tags": null,
            "unique_id": "AROAWZWO3VW43FNACNPBX"
          },
          "private": "bnVsbA=="
        }
      ]
    },
    {
      "module": "module.api-gateway-codedeploy",
      "mode": "managed",
      "type": "aws_iam_role",
      "name": "ec2",
      "provider": "provider.aws",
      "instances": [
        {
          "schema_version": 0,
          "attributes": {
            "arn": "arn:aws:iam::467511520697:role/api-gateway-ec2",
            "assume_role_policy": "{\"Version\":\"2012-10-17\",\"Statement\":[{\"Sid\":\"\",\"Effect\":\"Allow\",\"Principal\":{\"Service\":\"ec2.amazonaws.com\"},\"Action\":\"sts:AssumeRole\"}]}",
            "create_date": "2020-06-04T14:52:17Z",
            "description": "",
            "force_detach_policies": false,
            "id": "api-gateway-ec2",
            "max_session_duration": 3600,
            "name": "api-gateway-ec2",
            "name_prefix": null,
            "path": "/",
            "permissions_boundary": null,
            "tags": null,
            "unique_id": "AROAWZWO3VW4U773QK2IM"
          },
          "private": "bnVsbA=="
        }
      ]
    },
    {
      "module": "module.braindrip-backend-codedeploy",
      "mode": "managed",
      "type": "aws_iam_role",
      "name": "ec2",
      "provider": "provider.aws",
      "instances": [
        {
          "schema_version": 0,
          "attributes": {
            "arn": "arn:aws:iam::467511520697:role/braindrip-backend-ec2",
            "assume_role_policy": "{\"Version\":\"2012-10-17\",\"Statement\":[{\"Sid\":\"\",\"Effect\":\"Allow\",\"Principal\":{\"Service\":\"ec2.amazonaws.com\"},\"Action\":\"sts:AssumeRole\"}]}",
            "create_date": "2020-06-04T14:52:17Z",
            "description": "",
            "force_detach_policies": false,
            "id": "braindrip-backend-ec2",
            "max_session_duration": 3600,
            "name": "braindrip-backend-ec2",
            "name_prefix": null,
            "path": "/",
            "permissions_boundary": null,
            "tags": null,
            "unique_id": "AROAWZWO3VW4ZGDOH6G6S"
          },
          "private": "bnVsbA=="
        }
      ]
    },
    {
      "module": "module.api-gateway-codedeploy",
      "mode": "managed",
      "type": "aws_iam_role_policy",
      "name": "s3-deployment-policy",
      "provider": "provider.aws",
      "instances": [
        {
          "schema_version": 0,
          "attributes": {
            "id": "api-gateway-ec2:api-gateway-deployment-s3",
            "name": "api-gateway-deployment-s3",
            "name_prefix": null,
            "policy": "{\r\n  \"Version\": \"2012-10-17\",\r\n  \"Statement\": [\r\n    {\r\n      \"Effect\": \"Allow\",\r\n      \"Action\": [\r\n        \"s3:Get*\",\r\n        \"s3:List*\"\r\n      ],\r\n      \"Resource\": [\r\n        \"arn:aws:s3:::amitmaraj-api-gateway-deployment/*\",\r\n        \"arn:aws:s3:::aws-codedeploy-us-east-2/*\",\r\n        \"arn:aws:s3:::aws-codedeploy-us-east-1/*\",\r\n        \"arn:aws:s3:::aws-codedeploy-us-west-1/*\",\r\n        \"arn:aws:s3:::aws-codedeploy-us-west-2/*\",\r\n        \"arn:aws:s3:::aws-codedeploy-ca-central-1/*\",\r\n        \"arn:aws:s3:::aws-codedeploy-eu-west-1/*\",\r\n        \"arn:aws:s3:::aws-codedeploy-eu-west-2/*\",\r\n        \"arn:aws:s3:::aws-codedeploy-eu-west-3/*\",\r\n        \"arn:aws:s3:::aws-codedeploy-eu-central-1/*\",\r\n        \"arn:aws:s3:::aws-codedeploy-ap-east-1/*\",\r\n        \"arn:aws:s3:::aws-codedeploy-ap-northeast-1/*\",\r\n        \"arn:aws:s3:::aws-codedeploy-ap-northeast-2/*\",\r\n        \"arn:aws:s3:::aws-codedeploy-ap-southeast-1/*\",        \r\n        \"arn:aws:s3:::aws-codedeploy-ap-southeast-2/*\",\r\n        \"arn:aws:s3:::aws-codedeploy-ap-south-1/*\",\r\n        \"arn:aws:s3:::aws-codedeploy-sa-east-1/*\"\r\n      ]\r\n    }\r\n  ]\r\n}\r\n",
            "role": "api-gateway-ec2"
          },
          "private": "bnVsbA==",
          "dependencies": [
            "module.api-gateway-codedeploy.aws_iam_role.ec2",
            "module.api-gateway-codedeploy.aws_s3_bucket.deploy-bucket"
          ]
        }
      ]
    },
    {
      "module": "module.braindrip-backend-codedeploy",
      "mode": "managed",
      "type": "aws_iam_role_policy",
      "name": "s3-deployment-policy",
      "provider": "provider.aws",
      "instances": [
        {
          "schema_version": 0,
          "attributes": {
            "id": "braindrip-backend-ec2:braindrip-backend-deployment-s3",
            "name": "braindrip-backend-deployment-s3",
            "name_prefix": null,
            "policy": "{\r\n  \"Version\": \"2012-10-17\",\r\n  \"Statement\": [\r\n    {\r\n      \"Effect\": \"Allow\",\r\n      \"Action\": [\r\n        \"s3:Get*\",\r\n        \"s3:List*\"\r\n      ],\r\n      \"Resource\": [\r\n        \"arn:aws:s3:::amitmaraj-braindrip-backend-deployment/*\",\r\n        \"arn:aws:s3:::aws-codedeploy-us-east-2/*\",\r\n        \"arn:aws:s3:::aws-codedeploy-us-east-1/*\",\r\n        \"arn:aws:s3:::aws-codedeploy-us-west-1/*\",\r\n        \"arn:aws:s3:::aws-codedeploy-us-west-2/*\",\r\n        \"arn:aws:s3:::aws-codedeploy-ca-central-1/*\",\r\n        \"arn:aws:s3:::aws-codedeploy-eu-west-1/*\",\r\n        \"arn:aws:s3:::aws-codedeploy-eu-west-2/*\",\r\n        \"arn:aws:s3:::aws-codedeploy-eu-west-3/*\",\r\n        \"arn:aws:s3:::aws-codedeploy-eu-central-1/*\",\r\n        \"arn:aws:s3:::aws-codedeploy-ap-east-1/*\",\r\n        \"arn:aws:s3:::aws-codedeploy-ap-northeast-1/*\",\r\n        \"arn:aws:s3:::aws-codedeploy-ap-northeast-2/*\",\r\n        \"arn:aws:s3:::aws-codedeploy-ap-southeast-1/*\",        \r\n        \"arn:aws:s3:::aws-codedeploy-ap-southeast-2/*\",\r\n        \"arn:aws:s3:::aws-codedeploy-ap-south-1/*\",\r\n        \"arn:aws:s3:::aws-codedeploy-sa-east-1/*\"\r\n      ]\r\n    }\r\n  ]\r\n}\r\n",
            "role": "braindrip-backend-ec2"
          },
          "private": "bnVsbA==",
          "dependencies": [
            "module.braindrip-backend-codedeploy.aws_iam_role.ec2",
            "module.braindrip-backend-codedeploy.aws_s3_bucket.deploy-bucket"
          ]
        }
      ]
    },
    {
      "module": "module.api-gateway-codedeploy",
      "mode": "managed",
      "type": "aws_iam_role_policy_attachment",
      "name": "aws-codedeploy-role",
      "provider": "provider.aws",
      "instances": [
        {
          "schema_version": 0,
          "attributes": {
            "id": "api-gateway-codedeploy-role-20200604145216587800000002",
            "policy_arn": "arn:aws:iam::aws:policy/service-role/AWSCodeDeployRole",
            "role": "api-gateway-codedeploy-role"
          },
          "private": "bnVsbA==",
          "dependencies": [
            "module.api-gateway-codedeploy.aws_iam_role.codedeploy-role"
          ]
        }
      ]
    },
    {
      "module": "module.braindrip-backend-codedeploy",
      "mode": "managed",
      "type": "aws_iam_role_policy_attachment",
      "name": "aws-codedeploy-role",
      "provider": "provider.aws",
      "instances": [
        {
          "schema_version": 0,
          "attributes": {
            "id": "braindrip-backend-codedeploy-role-20200604145216528800000001",
            "policy_arn": "arn:aws:iam::aws:policy/service-role/AWSCodeDeployRole",
            "role": "braindrip-backend-codedeploy-role"
          },
          "private": "bnVsbA==",
          "dependencies": [
            "module.braindrip-backend-codedeploy.aws_iam_role.codedeploy-role"
          ]
        }
      ]
    },
    {
      "module": "module.api-gateway",
      "mode": "managed",
      "type": "aws_instance",
      "name": "default",
      "provider": "provider.aws",
      "instances": [
        {
          "schema_version": 1,
          "attributes": {
            "ami": "ami-054362537f5132ce2",
            "arn": "arn:aws:ec2:ca-central-1:467511520697:instance/i-05c5d4e2c96b3fdc2",
            "associate_public_ip_address": false,
            "availability_zone": "ca-central-1a",
            "cpu_core_count": 1,
            "cpu_threads_per_core": 1,
            "credit_specification": [
              {
                "cpu_credits": "standard"
              }
            ],
            "disable_api_termination": false,
            "ebs_block_device": [],
            "ebs_optimized": false,
            "ephemeral_block_device": [],
            "get_password_data": false,
            "hibernation": false,
            "host_id": null,
            "iam_instance_profile": "api-gateway-ec2",
            "id": "i-05c5d4e2c96b3fdc2",
            "instance_initiated_shutdown_behavior": null,
            "instance_state": "running",
            "instance_type": "t2.micro",
            "ipv6_address_count": 0,
            "ipv6_addresses": [],
            "key_name": "braindrip-key",
            "metadata_options": [
              {
                "http_endpoint": "enabled",
                "http_put_response_hop_limit": 1,
                "http_tokens": "optional"
              }
            ],
            "monitoring": false,
            "network_interface": [],
            "network_interface_id": null,
            "outpost_arn": "",
            "password_data": "",
            "placement_group": "",
            "primary_network_interface_id": "eni-05b7cb2084d846224",
            "private_dns": "ip-10-0-0-243.ca-central-1.compute.internal",
            "private_ip": "10.0.0.243",
            "public_dns": "",
            "public_ip": "",
            "root_block_device": [
              {
                "delete_on_termination": true,
                "device_name": "/dev/xvda",
                "encrypted": false,
                "iops": 100,
                "kms_key_id": "",
                "volume_id": "vol-0be3e9ee343868435",
                "volume_size": 8,
                "volume_type": "gp2"
              }
            ],
            "security_groups": [],
            "source_dest_check": true,
            "subnet_id": "subnet-0daabec4d24d4f59b",
            "tags": {
              "Name": "api-gateway"
            },
            "tenancy": "default",
            "timeouts": null,
            "user_data": "75e7701ba8cd0403c5df3aef8e5920e778f6e923",
            "user_data_base64": null,
            "volume_tags": {},
            "vpc_security_group_ids": [
              "sg-01c333032b256d783",
              "sg-0360f85bc535ad97e",
              "sg-0b812fa37a07bc3a4"
            ]
          },
          "private": "eyJlMmJmYjczMC1lY2FhLTExZTYtOGY4OC0zNDM2M2JjN2M0YzAiOnsiY3JlYXRlIjo2MDAwMDAwMDAwMDAsImRlbGV0ZSI6MTIwMDAwMDAwMDAwMCwidXBkYXRlIjo2MDAwMDAwMDAwMDB9LCJzY2hlbWFfdmVyc2lvbiI6IjEifQ==",
          "dependencies": [
            "aws_key_pair.braindrip-key",
            "aws_security_group.allow-all-outbound",
            "aws_security_group.allow-http",
            "aws_security_group.allow-ssh",
            "aws_subnet.braindrip-subnet-public",
            "aws_vpc.braindrip",
            "module.api-gateway-codedeploy.aws_iam_instance_profile.ec2",
            "module.api-gateway-codedeploy.aws_iam_role.ec2"
          ]
        }
      ]
    },
    {
      "module": "module.braindrip-backend",
      "mode": "managed",
      "type": "aws_instance",
      "name": "default",
      "provider": "provider.aws",
      "instances": [
        {
          "schema_version": 1,
          "attributes": {
            "ami": "ami-054362537f5132ce2",
            "arn": "arn:aws:ec2:ca-central-1:467511520697:instance/i-05fb6f0657805b197",
            "associate_public_ip_address": false,
            "availability_zone": "ca-central-1a",
            "cpu_core_count": 1,
            "cpu_threads_per_core": 1,
            "credit_specification": [
              {
                "cpu_credits": "standard"
              }
            ],
            "disable_api_termination": false,
            "ebs_block_device": [],
            "ebs_optimized": false,
            "ephemeral_block_device": [],
            "get_password_data": false,
            "hibernation": false,
            "host_id": null,
            "iam_instance_profile": "braindrip-backend-ec2",
            "id": "i-05fb6f0657805b197",
            "instance_initiated_shutdown_behavior": null,
            "instance_state": "running",
            "instance_type": "t2.micro",
            "ipv6_address_count": 0,
            "ipv6_addresses": [],
            "key_name": "braindrip-key",
            "metadata_options": [
              {
                "http_endpoint": "enabled",
                "http_put_response_hop_limit": 1,
                "http_tokens": "optional"
              }
            ],
            "monitoring": false,
            "network_interface": [],
            "network_interface_id": null,
            "outpost_arn": "",
            "password_data": "",
            "placement_group": "",
            "primary_network_interface_id": "eni-0a4eba391fc0cccd0",
            "private_dns": "ip-10-0-1-6.ca-central-1.compute.internal",
            "private_ip": "10.0.1.6",
            "public_dns": "",
            "public_ip": "",
            "root_block_device": [
              {
                "delete_on_termination": true,
                "device_name": "/dev/xvda",
                "encrypted": false,
                "iops": 100,
                "kms_key_id": "",
                "volume_id": "vol-0a3879ebd0869f26d",
                "volume_size": 8,
                "volume_type": "gp2"
              }
            ],
            "security_groups": [],
            "source_dest_check": true,
            "subnet_id": "subnet-03dbe2b0b71eb18f7",
            "tags": {
              "Name": "braindrip-backend"
            },
            "tenancy": "default",
            "timeouts": null,
            "user_data": "75e7701ba8cd0403c5df3aef8e5920e778f6e923",
            "user_data_base64": null,
            "volume_tags": {},
            "vpc_security_group_ids": [
              "sg-0360f85bc535ad97e",
              "sg-0b812fa37a07bc3a4",
              "sg-0ba98b4324fcfcac2"
            ]
          },
          "private": "eyJlMmJmYjczMC1lY2FhLTExZTYtOGY4OC0zNDM2M2JjN2M0YzAiOnsiY3JlYXRlIjo2MDAwMDAwMDAwMDAsImRlbGV0ZSI6MTIwMDAwMDAwMDAwMCwidXBkYXRlIjo2MDAwMDAwMDAwMDB9LCJzY2hlbWFfdmVyc2lvbiI6IjEifQ==",
          "dependencies": [
            "aws_key_pair.braindrip-key",
            "aws_security_group.allow-all-outbound",
            "aws_security_group.allow-internal-http",
            "aws_security_group.allow-ssh",
            "aws_subnet.braindrip-subnet-private-1",
            "aws_vpc.braindrip",
            "module.braindrip-backend-codedeploy.aws_iam_instance_profile.ec2",
            "module.braindrip-backend-codedeploy.aws_iam_role.ec2"
          ]
        }
      ]
    },
    {
      "mode": "managed",
      "type": "aws_internet_gateway",
      "name": "braindrip",
      "provider": "provider.aws",
      "instances": [
        {
          "schema_version": 0,
          "attributes": {
            "id": "igw-081f34f301f2bb389",
            "owner_id": "467511520697",
            "tags": null,
            "vpc_id": "vpc-00413b55139b733e2"
          },
          "private": "bnVsbA==",
          "dependencies": [
            "aws_vpc.braindrip"
          ]
        }
      ]
    },
    {
      "mode": "managed",
      "type": "aws_key_pair",
      "name": "braindrip-key",
      "provider": "provider.aws",
      "instances": [
        {
          "schema_version": 1,
          "attributes": {
            "fingerprint": "17:c1:dd:35:d9:5f:35:77:86:f3:32:44:ef:ee:6b:df",
            "id": "braindrip-key",
            "key_name": "braindrip-key",
            "key_name_prefix": null,
            "key_pair_id": "key-0578eeaa29d4171ee",
            "public_key": "---- BEGIN SSH2 PUBLIC KEY ----\r\nComment: \"rsa-key-20200522\"\r\nAAAAB3NzaC1yc2EAAAABJQAAAgEAs32m5GRQFyT8N4CWooCvyftVMCzA0wcBSAz/\r\nM1n0INMm2gU8Sjql84SFUYj276PaZW1jbmW0vwmoQ+wfOFCwGLRLhYdXI0flw+Fh\r\nmH5j1NQJrwL0+0Tq1zRiGje/hrYwlQxYUXeZ4xItgK+3LXrJE3KIYNmfRFsZ5m9P\r\nViOHNpPiJCzqT/sqGaydYf9yognCfKcnPdX6RoC5t8wldTgVzyDXRALkZV61e/Ro\r\nIR+/GqZHZBTp2UCgyDzU2Tz7mOIB+WBWQKPd7MKCPt4X0DoGAjS6a5p7vSANkyZ0\r\n4hUG4AZjbITuSkNsa/+K5qpyKiWvaY5EPdpInK5BsgZFM9BnOVDIqQGtyZkFATSc\r\nrIPTbHjXErwAUSibTb5I3k34/o6dQqKRmhz8Sb0j1nDUAcMpYHMuYiOJ6G/cEkL6\r\ntq9D5uTIheHQSVoEjhQXh195j3K3sZ4kBMoFe6DJj6iNV5Oxk2lKc0UbXxlx90yF\r\n72nCyUM4nzTCEkZ2+gwGb/eA22g4sjfEq7GG7U+50Ff6LWJILiaUh1K0OopfaFgJ\r\nHrAdHkNNb7j+PRVRKyiJw4GVuolnfciYpOc/G19FaBhERj9LgJkk5rQJWDZcG/xV\r\nOjKvLlZJ+phH2CpwifkrorpxUrQCXazPhN1v6zeQRWSymeAtb/20UaLDjl6f87tr\r\nZU/Te3U=\r\n---- END SSH2 PUBLIC KEY ----",
            "tags": null
          },
          "private": "eyJzY2hlbWFfdmVyc2lvbiI6IjEifQ=="
        }
      ]
    },
    {
      "mode": "managed",
      "type": "aws_route_table",
      "name": "allow-outgoing-access",
      "provider": "provider.aws",
      "instances": [
        {
          "schema_version": 0,
          "attributes": {
            "id": "rtb-051a642e0836ae294",
            "owner_id": "467511520697",
            "propagating_vgws": [],
            "route": [
              {
                "cidr_block": "0.0.0.0/0",
                "egress_only_gateway_id": "",
                "gateway_id": "igw-081f34f301f2bb389",
                "instance_id": "",
                "ipv6_cidr_block": "",
                "nat_gateway_id": "",
                "network_interface_id": "",
                "transit_gateway_id": "",
                "vpc_peering_connection_id": ""
              }
            ],
            "tags": {
              "Name": "Route Table Allowing Outgoing Access"
            },
            "vpc_id": "vpc-00413b55139b733e2"
          },
          "private": "bnVsbA==",
          "dependencies": [
            "aws_internet_gateway.braindrip",
            "aws_vpc.braindrip"
          ]
        }
      ]
    },
    {
      "mode": "managed",
      "type": "aws_route_table_association",
      "name": "braindrip-subnet-private-1",
      "provider": "provider.aws",
      "instances": [
        {
          "schema_version": 0,
          "attributes": {
            "gateway_id": null,
            "id": "rtbassoc-02b8f567ca9cc85a7",
            "route_table_id": "rtb-051a642e0836ae294",
            "subnet_id": "subnet-03dbe2b0b71eb18f7"
          },
          "private": "bnVsbA==",
          "dependencies": [
            "aws_internet_gateway.braindrip",
            "aws_route_table.allow-outgoing-access",
            "aws_subnet.braindrip-subnet-private-1",
            "aws_vpc.braindrip"
          ]
        }
      ]
    },
    {
      "mode": "managed",
      "type": "aws_route_table_association",
      "name": "braindrip-subnet-public",
      "provider": "provider.aws",
      "instances": [
        {
          "schema_version": 0,
          "attributes": {
            "gateway_id": null,
            "id": "rtbassoc-091de9b28b0a1c5a6",
            "route_table_id": "rtb-051a642e0836ae294",
            "subnet_id": "subnet-0daabec4d24d4f59b"
          },
          "private": "bnVsbA==",
          "dependencies": [
            "aws_internet_gateway.braindrip",
            "aws_route_table.allow-outgoing-access",
            "aws_subnet.braindrip-subnet-public",
            "aws_vpc.braindrip"
          ]
        }
      ]
    },
    {
      "mode": "managed",
      "type": "aws_s3_bucket",
      "name": "braindrip-app",
      "provider": "provider.aws",
      "instances": [
        {
          "schema_version": 0,
          "attributes": {
            "acceleration_status": "",
            "acl": "public-read",
            "arn": "arn:aws:s3:::amitmaraj-braindrip-app",
            "bucket": "amitmaraj-braindrip-app",
            "bucket_domain_name": "amitmaraj-braindrip-app.s3.amazonaws.com",
            "bucket_prefix": null,
            "bucket_regional_domain_name": "amitmaraj-braindrip-app.s3.ca-central-1.amazonaws.com",
            "cors_rule": [],
            "force_destroy": false,
            "grant": [],
            "hosted_zone_id": "Z1QDHH18159H29",
            "id": "amitmaraj-braindrip-app",
            "lifecycle_rule": [],
            "logging": [],
            "object_lock_configuration": [],
            "policy": "{\"Statement\":[{\"Action\":\"s3:GetObject\",\"Effect\":\"Allow\",\"Principal\":\"*\",\"Resource\":\"arn:aws:s3:::amitmaraj-braindrip-app/*\",\"Sid\":\"PublicRead\"}],\"Version\":\"2012-10-17\"}",
            "region": "ca-central-1",
            "replication_configuration": [],
            "request_payer": "BucketOwner",
            "server_side_encryption_configuration": [],
            "tags": null,
            "versioning": [
              {
                "enabled": false,
                "mfa_delete": false
              }
            ],
            "website": [
              {
                "error_document": "index.html",
                "index_document": "index.html",
                "redirect_all_requests_to": "",
                "routing_rules": ""
              }
            ],
            "website_domain": "s3-website.ca-central-1.amazonaws.com",
            "website_endpoint": "amitmaraj-braindrip-app.s3-website.ca-central-1.amazonaws.com"
          },
          "private": "bnVsbA=="
        }
      ]
    },
    {
      "module": "module.api-gateway-codedeploy",
      "mode": "managed",
      "type": "aws_s3_bucket",
      "name": "deploy-bucket",
      "provider": "provider.aws",
      "instances": [
        {
          "schema_version": 0,
          "attributes": {
            "acceleration_status": "",
            "acl": "private",
            "arn": "arn:aws:s3:::amitmaraj-api-gateway-deployment",
            "bucket": "amitmaraj-api-gateway-deployment",
            "bucket_domain_name": "amitmaraj-api-gateway-deployment.s3.amazonaws.com",
            "bucket_prefix": null,
            "bucket_regional_domain_name": "amitmaraj-api-gateway-deployment.s3.ca-central-1.amazonaws.com",
            "cors_rule": [],
            "force_destroy": false,
            "grant": [],
            "hosted_zone_id": "Z1QDHH18159H29",
            "id": "amitmaraj-api-gateway-deployment",
            "lifecycle_rule": [],
            "logging": [],
            "object_lock_configuration": [],
            "policy": null,
            "region": "ca-central-1",
            "replication_configuration": [],
            "request_payer": "BucketOwner",
            "server_side_encryption_configuration": [],
            "tags": null,
            "versioning": [
              {
                "enabled": false,
                "mfa_delete": false
              }
            ],
            "website": [],
            "website_domain": null,
            "website_endpoint": null
          },
          "private": "bnVsbA=="
        }
      ]
    },
    {
      "module": "module.braindrip-backend-codedeploy",
      "mode": "managed",
      "type": "aws_s3_bucket",
      "name": "deploy-bucket",
      "provider": "provider.aws",
      "instances": [
        {
          "schema_version": 0,
          "attributes": {
            "acceleration_status": "",
            "acl": "private",
            "arn": "arn:aws:s3:::amitmaraj-braindrip-backend-deployment",
            "bucket": "amitmaraj-braindrip-backend-deployment",
            "bucket_domain_name": "amitmaraj-braindrip-backend-deployment.s3.amazonaws.com",
            "bucket_prefix": null,
            "bucket_regional_domain_name": "amitmaraj-braindrip-backend-deployment.s3.ca-central-1.amazonaws.com",
            "cors_rule": [],
            "force_destroy": false,
            "grant": [],
            "hosted_zone_id": "Z1QDHH18159H29",
            "id": "amitmaraj-braindrip-backend-deployment",
            "lifecycle_rule": [],
            "logging": [],
            "object_lock_configuration": [],
            "policy": null,
            "region": "ca-central-1",
            "replication_configuration": [],
            "request_payer": "BucketOwner",
            "server_side_encryption_configuration": [],
            "tags": null,
            "versioning": [
              {
                "enabled": false,
                "mfa_delete": false
              }
            ],
            "website": [],
            "website_domain": null,
            "website_endpoint": null
          },
          "private": "bnVsbA=="
        }
      ]
    },
    {
      "mode": "managed",
      "type": "aws_security_group",
      "name": "allow-all-outbound",
      "provider": "provider.aws",
      "instances": [
        {
          "schema_version": 1,
          "attributes": {
            "arn": "arn:aws:ec2:ca-central-1:467511520697:security-group/sg-0b812fa37a07bc3a4",
            "description": "Allow all outbound traffic",
            "egress": [
              {
                "cidr_blocks": [
                  "0.0.0.0/0"
                ],
                "description": "",
                "from_port": 0,
                "ipv6_cidr_blocks": [],
                "prefix_list_ids": [],
                "protocol": "-1",
                "security_groups": [],
                "self": false,
                "to_port": 0
              }
            ],
            "id": "sg-0b812fa37a07bc3a4",
            "ingress": [],
            "name": "allow-all-outbound",
            "name_prefix": null,
            "owner_id": "467511520697",
            "revoke_rules_on_delete": false,
            "tags": null,
            "timeouts": null,
            "vpc_id": "vpc-00413b55139b733e2"
          },
          "private": "eyJlMmJmYjczMC1lY2FhLTExZTYtOGY4OC0zNDM2M2JjN2M0YzAiOnsiY3JlYXRlIjo2MDAwMDAwMDAwMDAsImRlbGV0ZSI6NjAwMDAwMDAwMDAwfSwic2NoZW1hX3ZlcnNpb24iOiIxIn0=",
          "dependencies": [
            "aws_vpc.braindrip"
          ]
        }
      ]
    },
    {
      "mode": "managed",
      "type": "aws_security_group",
      "name": "allow-http",
      "provider": "provider.aws",
      "instances": [
        {
          "schema_version": 1,
          "attributes": {
            "arn": "arn:aws:ec2:ca-central-1:467511520697:security-group/sg-01c333032b256d783",
            "description": "Allow HTTP inbound traffic",
            "egress": [],
            "id": "sg-01c333032b256d783",
            "ingress": [
              {
                "cidr_blocks": [
                  "0.0.0.0/0"
                ],
                "description": "",
                "from_port": 80,
                "ipv6_cidr_blocks": [],
                "prefix_list_ids": [],
                "protocol": "tcp",
                "security_groups": [],
                "self": false,
                "to_port": 80
              }
            ],
            "name": "allow-http",
            "name_prefix": null,
            "owner_id": "467511520697",
            "revoke_rules_on_delete": false,
            "tags": null,
            "timeouts": null,
            "vpc_id": "vpc-00413b55139b733e2"
          },
          "private": "eyJlMmJmYjczMC1lY2FhLTExZTYtOGY4OC0zNDM2M2JjN2M0YzAiOnsiY3JlYXRlIjo2MDAwMDAwMDAwMDAsImRlbGV0ZSI6NjAwMDAwMDAwMDAwfSwic2NoZW1hX3ZlcnNpb24iOiIxIn0=",
          "dependencies": [
            "aws_vpc.braindrip"
          ]
        }
      ]
    },
    {
      "mode": "managed",
      "type": "aws_security_group",
      "name": "allow-internal-http",
      "provider": "provider.aws",
      "instances": [
        {
          "schema_version": 1,
          "attributes": {
            "arn": "arn:aws:ec2:ca-central-1:467511520697:security-group/sg-0ba98b4324fcfcac2",
            "description": "Allow internal HTTP requests",
            "egress": [],
            "id": "sg-0ba98b4324fcfcac2",
            "ingress": [
              {
                "cidr_blocks": [
                  "10.0.0.0/16"
                ],
                "description": "",
                "from_port": 80,
                "ipv6_cidr_blocks": [],
                "prefix_list_ids": [],
                "protocol": "tcp",
                "security_groups": [],
                "self": false,
                "to_port": 80
              }
            ],
            "name": "allow-internal-http",
            "name_prefix": null,
            "owner_id": "467511520697",
            "revoke_rules_on_delete": false,
            "tags": null,
            "timeouts": null,
            "vpc_id": "vpc-00413b55139b733e2"
          },
          "private": "eyJlMmJmYjczMC1lY2FhLTExZTYtOGY4OC0zNDM2M2JjN2M0YzAiOnsiY3JlYXRlIjo2MDAwMDAwMDAwMDAsImRlbGV0ZSI6NjAwMDAwMDAwMDAwfSwic2NoZW1hX3ZlcnNpb24iOiIxIn0=",
          "dependencies": [
            "aws_vpc.braindrip"
          ]
        }
      ]
    },
    {
      "mode": "managed",
      "type": "aws_security_group",
      "name": "allow-internal-mysql",
      "provider": "provider.aws",
      "instances": [
        {
          "schema_version": 1,
          "attributes": {
            "arn": "arn:aws:ec2:ca-central-1:467511520697:security-group/sg-08b19ea7014c36c85",
            "description": "Allow internal MySQL requests",
            "egress": [],
            "id": "sg-08b19ea7014c36c85",
            "ingress": [
              {
                "cidr_blocks": [
                  "10.0.0.0/16"
                ],
                "description": "",
                "from_port": 3306,
                "ipv6_cidr_blocks": [],
                "prefix_list_ids": [],
                "protocol": "tcp",
                "security_groups": [],
                "self": false,
                "to_port": 3306
              }
            ],
            "name": "allow-internal-mysql",
            "name_prefix": null,
            "owner_id": "467511520697",
            "revoke_rules_on_delete": false,
            "tags": null,
            "timeouts": null,
            "vpc_id": "vpc-00413b55139b733e2"
          },
          "private": "eyJlMmJmYjczMC1lY2FhLTExZTYtOGY4OC0zNDM2M2JjN2M0YzAiOnsiY3JlYXRlIjo2MDAwMDAwMDAwMDAsImRlbGV0ZSI6NjAwMDAwMDAwMDAwfSwic2NoZW1hX3ZlcnNpb24iOiIxIn0=",
          "dependencies": [
            "aws_vpc.braindrip"
          ]
        }
      ]
    },
    {
      "mode": "managed",
      "type": "aws_security_group",
      "name": "allow-ssh",
      "provider": "provider.aws",
      "instances": [
        {
          "schema_version": 1,
          "attributes": {
            "arn": "arn:aws:ec2:ca-central-1:467511520697:security-group/sg-0360f85bc535ad97e",
            "description": "Allow SSH inbound traffic",
            "egress": [],
            "id": "sg-0360f85bc535ad97e",
            "ingress": [
              {
                "cidr_blocks": [
                  "0.0.0.0/0"
                ],
                "description": "",
                "from_port": 22,
                "ipv6_cidr_blocks": [],
                "prefix_list_ids": [],
                "protocol": "tcp",
                "security_groups": [],
                "self": false,
                "to_port": 22
              }
            ],
            "name": "allow-ssh",
            "name_prefix": null,
            "owner_id": "467511520697",
            "revoke_rules_on_delete": false,
            "tags": null,
            "timeouts": null,
            "vpc_id": "vpc-00413b55139b733e2"
          },
          "private": "eyJlMmJmYjczMC1lY2FhLTExZTYtOGY4OC0zNDM2M2JjN2M0YzAiOnsiY3JlYXRlIjo2MDAwMDAwMDAwMDAsImRlbGV0ZSI6NjAwMDAwMDAwMDAwfSwic2NoZW1hX3ZlcnNpb24iOiIxIn0=",
          "dependencies": [
            "aws_vpc.braindrip"
          ]
        }
      ]
    },
    {
      "mode": "managed",
      "type": "aws_subnet",
      "name": "braindrip-subnet-private-1",
      "provider": "provider.aws",
      "instances": [
        {
          "schema_version": 1,
          "attributes": {
            "arn": "arn:aws:ec2:ca-central-1:467511520697:subnet/subnet-03dbe2b0b71eb18f7",
            "assign_ipv6_address_on_creation": false,
            "availability_zone": "ca-central-1a",
            "availability_zone_id": "cac1-az1",
            "cidr_block": "10.0.1.0/24",
            "id": "subnet-03dbe2b0b71eb18f7",
            "ipv6_cidr_block": "",
            "ipv6_cidr_block_association_id": "",
            "map_public_ip_on_launch": false,
            "outpost_arn": "",
            "owner_id": "467511520697",
            "tags": {
              "Name": "Brain Drip Subnet (Private 1)"
            },
            "timeouts": null,
            "vpc_id": "vpc-00413b55139b733e2"
          },
          "private": "eyJlMmJmYjczMC1lY2FhLTExZTYtOGY4OC0zNDM2M2JjN2M0YzAiOnsiY3JlYXRlIjo2MDAwMDAwMDAwMDAsImRlbGV0ZSI6MTIwMDAwMDAwMDAwMH0sInNjaGVtYV92ZXJzaW9uIjoiMSJ9",
          "dependencies": [
            "aws_vpc.braindrip"
          ]
        }
      ]
    },
    {
      "mode": "managed",
      "type": "aws_subnet",
      "name": "braindrip-subnet-private-2",
      "provider": "provider.aws",
      "instances": [
        {
          "schema_version": 1,
          "attributes": {
            "arn": "arn:aws:ec2:ca-central-1:467511520697:subnet/subnet-079a2200961bd8536",
            "assign_ipv6_address_on_creation": false,
            "availability_zone": "ca-central-1b",
            "availability_zone_id": "cac1-az2",
            "cidr_block": "10.0.2.0/24",
            "id": "subnet-079a2200961bd8536",
            "ipv6_cidr_block": "",
            "ipv6_cidr_block_association_id": "",
            "map_public_ip_on_launch": false,
            "outpost_arn": "",
            "owner_id": "467511520697",
            "tags": {
              "Name": "Brain Drip Subnet (Private 2)"
            },
            "timeouts": null,
            "vpc_id": "vpc-00413b55139b733e2"
          },
          "private": "eyJlMmJmYjczMC1lY2FhLTExZTYtOGY4OC0zNDM2M2JjN2M0YzAiOnsiY3JlYXRlIjo2MDAwMDAwMDAwMDAsImRlbGV0ZSI6MTIwMDAwMDAwMDAwMH0sInNjaGVtYV92ZXJzaW9uIjoiMSJ9",
          "dependencies": [
            "aws_vpc.braindrip"
          ]
        }
      ]
    },
    {
      "mode": "managed",
      "type": "aws_subnet",
      "name": "braindrip-subnet-public",
      "provider": "provider.aws",
      "instances": [
        {
          "schema_version": 1,
          "attributes": {
            "arn": "arn:aws:ec2:ca-central-1:467511520697:subnet/subnet-0daabec4d24d4f59b",
            "assign_ipv6_address_on_creation": false,
            "availability_zone": "ca-central-1a",
            "availability_zone_id": "cac1-az1",
            "cidr_block": "10.0.0.0/24",
            "id": "subnet-0daabec4d24d4f59b",
            "ipv6_cidr_block": "",
            "ipv6_cidr_block_association_id": "",
            "map_public_ip_on_launch": false,
            "outpost_arn": "",
            "owner_id": "467511520697",
            "tags": {
              "Name": "Brain Drip Subnet (Public)"
            },
            "timeouts": null,
            "vpc_id": "vpc-00413b55139b733e2"
          },
          "private": "eyJlMmJmYjczMC1lY2FhLTExZTYtOGY4OC0zNDM2M2JjN2M0YzAiOnsiY3JlYXRlIjo2MDAwMDAwMDAwMDAsImRlbGV0ZSI6MTIwMDAwMDAwMDAwMH0sInNjaGVtYV92ZXJzaW9uIjoiMSJ9",
          "dependencies": [
            "aws_vpc.braindrip"
          ]
        }
      ]
    },
    {
      "mode": "managed",
      "type": "aws_vpc",
      "name": "braindrip",
      "provider": "provider.aws",
      "instances": [
        {
          "schema_version": 1,
          "attributes": {
            "arn": "arn:aws:ec2:ca-central-1:467511520697:vpc/vpc-00413b55139b733e2",
            "assign_generated_ipv6_cidr_block": false,
            "cidr_block": "10.0.0.0/16",
            "default_network_acl_id": "acl-0cf922c4e6064e898",
            "default_route_table_id": "rtb-0be4c38a384f30231",
            "default_security_group_id": "sg-0606e2be3142feaf8",
            "dhcp_options_id": "dopt-981b36f0",
            "enable_classiclink": null,
            "enable_classiclink_dns_support": null,
            "enable_dns_hostnames": true,
            "enable_dns_support": true,
            "id": "vpc-00413b55139b733e2",
            "instance_tenancy": "default",
            "ipv6_association_id": "",
            "ipv6_cidr_block": "",
            "main_route_table_id": "rtb-0be4c38a384f30231",
            "owner_id": "467511520697",
            "tags": {
              "Name": "Brain Drip VPC"
            }
          },
          "private": "eyJzY2hlbWFfdmVyc2lvbiI6IjEifQ=="
        }
      ]
    }
  ]
}
